
Microsoft Visual Studio Solution File, Format Version 12.00
# Visual Studio Version 17
VisualStudioVersion = 17.0.32014.148
MinimumVisualStudioVersion = 10.0.40219.1
Project("{FAE04EC0-301F-11D3-BF4B-00C04F79EFBC}") = "Mail.Send", "Mail.Send\Mail.Send.csproj", "{635F737E-EEAB-4D3F-B6A8-DDADFE8157CB}"
EndProject
Global
	GlobalSection(SolutionConfigurationPlatforms) = preSolution
		Debug|Any CPU = Debug|Any CPU
		Release|Any CPU = Release|Any CPU
	EndGlobalSection
	GlobalSection(ProjectConfigurationPlatforms) = postSolution
		{635F737E-EEAB-4D3F-B6A8-DDADFE8157CB}.Debug|Any CPU.ActiveCfg = Debug|Any CPU
		{635F737E-EEAB-4D3F-B6A8-DDADFE8157CB}.Debug|Any CPU.Build.0 = Debug|Any CPU
		{635F737E-EEAB-4D3F-B6A8-DDADFE8157CB}.Release|Any CPU.ActiveCfg = Release|Any CPU
		{635F737E-EEAB-4D3F-B6A8-DDADFE8157CB}.Release|Any CPU.Build.0 = Release|Any CPU
	EndGlobalSection
	GlobalSection(SolutionProperties) = preSolution
		HideSolutionNode = FALSE
	EndGlobalSection
	GlobalSection(ExtensibilityGlobals) = postSolution
		SolutionGuid = {1B402037-ADB5-427B-8D2F-E2861DB0DD29}
	EndGlobalSection
EndGlobal
